
Microsoft Visual Studio Solution File, Format Version 9.00
# Visual Studio 2005
Project("{8BC9CEB8-8B4A-11D0-8D11-00A0C91BC942}") = "sqlite", "sqlite\sqlite.vcproj", "{361B3CD3-5842-46EC-A125-C12A4F9D1B20}"
EndProject
Global
	GlobalSection(SolutionConfigurationPlatforms) = preSolution
		Debug|Win32 = Debug|Win32
		Release|Win32 = Release|Win32
	EndGlobalSection
	GlobalSection(ProjectConfigurationPlatforms) = postSolution
		{361B3CD3-5842-46EC-A125-C12A4F9D1B20}.Debug|Win32.ActiveCfg = Debug|Win32
		{361B3CD3-5842-46EC-A125-C12A4F9D1B20}.Debug|Win32.Build.0 = Debug|Win32
		{361B3CD3-5842-46EC-A125-C12A4F9D1B20}.Release|Win32.ActiveCfg = Release|Win32
		{361B3CD3-5842-46EC-A125-C12A4F9D1B20}.Release|Win32.Build.0 = Release|Win32
	EndGlobalSection
	GlobalSection(SolutionProperties) = preSolution
		HideSolutionNode = FALSE
	EndGlobalSection
EndGlobal
